
Microsoft Visual Studio Solution File, Format Version 12.00
# Visual Studio Version 16
VisualStudioVersion = 16.0.29009.5
MinimumVisualStudioVersion = 10.0.40219.1
Project("{9A19103F-16F7-4668-BE54-9A1E7A4F7556}") = "SmartParkingApp", "SmartParkingApp\SmartParkingApp.csproj", "{0796E990-0713-4536-A064-73CE2BE0CED6}"
EndProject
Project("{9A19103F-16F7-4668-BE54-9A1E7A4F7556}") = "ClientApplication", "ClientApplication\ClientApplication.csproj", "{C613E3B5-8D97-4D98-B592-4DB7AEC0E491}"
EndProject
Project("{FAE04EC0-301F-11D3-BF4B-00C04F79EFBC}") = "ManagerApp", "ManagerApp\ManagerApp.csproj", "{2930F73B-AD01-481D-9816-90AD9DFC6806}"
EndProject
Global
	GlobalSection(SolutionConfigurationPlatforms) = preSolution
		Debug|Any CPU = Debug|Any CPU
		Release|Any CPU = Release|Any CPU
	EndGlobalSection
	GlobalSection(ProjectConfigurationPlatforms) = postSolution
		{0796E990-0713-4536-A064-73CE2BE0CED6}.Debug|Any CPU.ActiveCfg = Debug|Any CPU
		{0796E990-0713-4536-A064-73CE2BE0CED6}.Debug|Any CPU.Build.0 = Debug|Any CPU
		{0796E990-0713-4536-A064-73CE2BE0CED6}.Release|Any CPU.ActiveCfg = Release|Any CPU
		{0796E990-0713-4536-A064-73CE2BE0CED6}.Release|Any CPU.Build.0 = Release|Any CPU
		{C613E3B5-8D97-4D98-B592-4DB7AEC0E491}.Debug|Any CPU.ActiveCfg = Debug|Any CPU
		{C613E3B5-8D97-4D98-B592-4DB7AEC0E491}.Debug|Any CPU.Build.0 = Debug|Any CPU
		{C613E3B5-8D97-4D98-B592-4DB7AEC0E491}.Release|Any CPU.ActiveCfg = Release|Any CPU
		{C613E3B5-8D97-4D98-B592-4DB7AEC0E491}.Release|Any CPU.Build.0 = Release|Any CPU
		{2930F73B-AD01-481D-9816-90AD9DFC6806}.Debug|Any CPU.ActiveCfg = Debug|Any CPU
		{2930F73B-AD01-481D-9816-90AD9DFC6806}.Debug|Any CPU.Build.0 = Debug|Any CPU
		{2930F73B-AD01-481D-9816-90AD9DFC6806}.Release|Any CPU.ActiveCfg = Release|Any CPU
		{2930F73B-AD01-481D-9816-90AD9DFC6806}.Release|Any CPU.Build.0 = Release|Any CPU
	EndGlobalSection
	GlobalSection(SolutionProperties) = preSolution
		HideSolutionNode = FALSE
	EndGlobalSection
	GlobalSection(ExtensibilityGlobals) = postSolution
		SolutionGuid = {6DE71027-7BF1-4FC5-BEEA-9CBD30568859}
	EndGlobalSection
EndGlobal
